# This file was generated by Aiken
# You typically do not need to edit this file

[[requirements]]
name = "aiken-lang/stdlib"
version = "v2"
source = "github"

[[requirements]]
name = "aiken-lang/fuzz"
version = "v2"
source = "github"

[[packages]]
name = "aiken-lang/stdlib"
version = "v2"
requirements = []
source = "github"

[[packages]]
name = "aiken-lang/fuzz"
version = "v2"
requirements = []
source = "github"

[etags]
"aiken-lang/fuzz@v2" = [{ secs_since_epoch = 1752341413, nanos_since_epoch = 747003000 }, "64a32283418d58cade34059d3855b857e84505541158c541c460cafa0d355475"]
"aiken-lang/stdlib@v2" = [{ secs_since_epoch = 1752341413, nanos_since_epoch = 404921000 }, "25c8d0802b8266feca04b47933382c5dee3cadb422208a5d3810d9d2df108c2e"]
