# This file was generated by Aiken
# You typically do not need to edit this file

[[requirements]]
name = "aiken-lang/stdlib"
version = "1.9.0"
source = "github"

[[requirements]]
name = "aiken-lang/fuzz"
version = "main"
source = "github"

[[packages]]
name = "aiken-lang/stdlib"
version = "1.9.0"
requirements = []
source = "github"

[[packages]]
name = "aiken-lang/fuzz"
version = "v1"
requirements = []
source = "github"

[etags]
"aiken-lang/fuzz@v1" = [{ secs_since_epoch = 1750844776, nanos_since_epoch = 40807589 }, "64b978749e6060a0608706c12db5b430a27082ce344cff942500f269a0ecd7a5"]
